// !$*UTF8*$!
{
	archiveVersion = 1;
	classes = {
	};
	objectVersion = 50;
	objects = {

/* Begin PBXBuildFile section */
		34820B4524C204F800DA0D30 /* AppDelegate.swift in Sources */ = {isa = PBXBuildFile; fileRef = 34820B4424C204F800DA0D30 /* AppDelegate.swift */; };
		34820B4724C204F800DA0D30 /* SceneDelegate.swift in Sources */ = {isa = PBXBuildFile; fileRef = 34820B4624C204F800DA0D30 /* SceneDelegate.swift */; };
		34820B4924C204F800DA0D30 /* EntryViewController.swift in Sources */ = {isa = PBXBuildFile; fileRef = 34820B4824C204F800DA0D30 /* EntryViewController.swift */; };
		34820B4C24C204F800DA0D30 /* Main.storyboard in Resources */ = {isa = PBXBuildFile; fileRef = 34820B4A24C204F800DA0D30 /* Main.storyboard */; };
		34820B4E24C204FC00DA0D30 /* Assets.xcassets in Resources */ = {isa = PBXBuildFile; fileRef = 34820B4D24C204FC00DA0D30 /* Assets.xcassets */; };
		34820B5124C204FC00DA0D30 /* LaunchScreen.storyboard in Resources */ = {isa = PBXBuildFile; fileRef = 34820B4F24C204FC00DA0D30 /* LaunchScreen.storyboard */; };
		34820B5C24C22A0B00DA0D30 /* CaptureMode.swift in Sources */ = {isa = PBXBuildFile; fileRef = 34820B5B24C22A0B00DA0D30 /* CaptureMode.swift */; };
/* End PBXBuildFile section */

/* Begin PBXFileReference section */
		34820B4124C204F800DA0D30 /* Numadic.app */ = {isa = PBXFileReference; explicitFileType = wrapper.application; includeInIndex = 0; path = Numadic.app; sourceTree = BUILT_PRODUCTS_DIR; };
		34820B4424C204F800DA0D30 /* AppDelegate.swift */ = {isa = PBXFileReference; lastKnownFileType = sourcecode.swift; path = AppDelegate.swift; sourceTree = "<group>"; };
		34820B4624C204F800DA0D30 /* SceneDelegate.swift */ = {isa = PBXFileReference; lastKnownFileType = sourcecode.swift; path = SceneDelegate.swift; sourceTree = "<group>"; };
		34820B4824C204F800DA0D30 /* EntryViewController.swift */ = {isa = PBXFileReference; lastKnownFileType = sourcecode.swift; path = EntryViewController.swift; sourceTree = "<group>"; };
		34820B4B24C204F800DA0D30 /* Base */ = {isa = PBXFileReference; lastKnownFileType = file.storyboard; name = Base; path = Base.lproj/Main.storyboard; sourceTree = "<group>"; };
		34820B4D24C204FC00DA0D30 /* Assets.xcassets */ = {isa = PBXFileReference; lastKnownFileType = folder.assetcatalog; path = Assets.xcassets; sourceTree = "<group>"; };
		34820B5024C204FC00DA0D30 /* Base */ = {isa = PBXFileReference; lastKnownFileType = file.storyboard; name = Base; path = Base.lproj/LaunchScreen.storyboard; sourceTree = "<group>"; };
		34820B5224C204FC00DA0D30 /* Info.plist */ = {isa = PBXFileReference; lastKnownFileType = text.plist.xml; path = Info.plist; sourceTree = "<group>"; };
		34820B5B24C22A0B00DA0D30 /* CaptureMode.swift */ = {isa = PBXFileReference; lastKnownFileType = sourcecode.swift; path = CaptureMode.swift; sourceTree = "<group>"; };
/* End PBXFileReference section */

/* Begin PBXFrameworksBuildPhase section */
		34820B3E24C204F800DA0D30 /* Frameworks */ = {
			isa = PBXFrameworksBuildPhase;
			buildActionMask = 2147483647;
			files = (
			);
			runOnlyForDeploymentPostprocessing = 0;
		};
/* End PBXFrameworksBuildPhase section */

/* Begin PBXGroup section */
		34820B3824C204F800DA0D30 = {
			isa = PBXGroup;
			children = (
				34820B4324C204F800DA0D30 /* Numadic */,
				34820B4224C204F800DA0D30 /* Products */,
			);
			sourceTree = "<group>";
		};
		34820B4224C204F800DA0D30 /* Products */ = {
			isa = PBXGroup;
			children = (
				34820B4124C204F800DA0D30 /* Numadic.app */,
			);
			name = Products;
			sourceTree = "<group>";
		};
		34820B4324C204F800DA0D30 /* Numadic */ = {
			isa = PBXGroup;
			children = (
				34820B4424C204F800DA0D30 /* AppDelegate.swift */,
				34820B4624C204F800DA0D30 /* SceneDelegate.swift */,
				34820B5A24C229B900DA0D30 /* Model */,
				34820B5824C2074500DA0D30 /* View */,
				34820B5924C2075000DA0D30 /* Controller */,
				34820B4D24C204FC00DA0D30 /* Assets.xcassets */,
				34820B4F24C204FC00DA0D30 /* LaunchScreen.storyboard */,
				34820B5224C204FC00DA0D30 /* Info.plist */,
			);
			path = Numadic;
			sourceTree = "<group>";
		};
		34820B5824C2074500DA0D30 /* View */ = {
			isa = PBXGroup;
			children = (
				34820B4A24C204F800DA0D30 /* Main.storyboard */,
			);
			path = View;
			sourceTree = "<group>";
		};
		34820B5924C2075000DA0D30 /* Controller */ = {
			isa = PBXGroup;
			children = (
				34820B4824C204F800DA0D30 /* EntryViewController.swift */,
			);
			path = Controller;
			sourceTree = "<group>";
		};
		34820B5A24C229B900DA0D30 /* Model */ = {
			isa = PBXGroup;
			children = (
				34820B5B24C22A0B00DA0D30 /* CaptureMode.swift */,
			);
			path = Model;
			sourceTree = "<group>";
		};
/* End PBXGroup section */

/* Begin PBXNativeTarget section */
		34820B4024C204F800DA0D30 /* Numadic */ = {
			isa = PBXNativeTarget;
			buildConfigurationList = 34820B5524C204FC00DA0D30 /* Build configuration list for PBXNativeTarget "Numadic" */;
			buildPhases = (
				34820B3D24C204F800DA0D30 /* Sources */,
				34820B3E24C204F800DA0D30 /* Frameworks */,
				34820B3F24C204F800DA0D30 /* Resources */,
			);
			buildRules = (
			);
			dependencies = (
			);
			name = Numadic;
			productName = Numadic;
			productReference = 34820B4124C204F800DA0D30 /* Numadic.app */;
			productType = "com.apple.product-type.application";
		};
/* End PBXNativeTarget section */

/* Begin PBXProject section */
		34820B3924C204F800DA0D30 /* Project object */ = {
			isa = PBXProject;
			attributes = {
				LastSwiftUpdateCheck = 1160;
				LastUpgradeCheck = 1160;
				ORGANIZATIONNAME = "Vineal Viji Varghese";
				TargetAttributes = {
					34820B4024C204F800DA0D30 = {
						CreatedOnToolsVersion = 11.6;
					};
				};
			};
			buildConfigurationList = 34820B3C24C204F800DA0D30 /* Build configuration list for PBXProject "Numadic" */;
			compatibilityVersion = "Xcode 9.3";
			developmentRegion = en;
			hasScannedForEncodings = 0;
			knownRegions = (
				en,
				Base,
			);
			mainGroup = 34820B3824C204F800DA0D30;
			productRefGroup = 34820B4224C204F800DA0D30 /* Products */;
			projectDirPath = "";
			projectRoot = "";
			targets = (
				34820B4024C204F800DA0D30 /* Numadic */,
			);
		};
/* End PBXProject section */

/* Begin PBXResourcesBuildPhase section */
		34820B3F24C204F800DA0D30 /* Resources */ = {
			isa = PBXResourcesBuildPhase;
			buildActionMask = 2147483647;
			files = (
				34820B5124C204FC00DA0D30 /* LaunchScreen.storyboard in Resources */,
				34820B4E24C204FC00DA0D30 /* Assets.xcassets in Resources */,
				34820B4C24C204F800DA0D30 /* Main.storyboard in Resources */,
			);
			runOnlyForDeploymentPostprocessing = 0;
		};
/* End PBXResourcesBuildPhase section */

/* Begin PBXSourcesBuildPhase section */
		34820B3D24C204F800DA0D30 /* Sources */ = {
			isa = PBXSourcesBuildPhase;
			buildActionMask = 2147483647;
			files = (
				34820B4924C204F800DA0D30 /* EntryViewController.swift in Sources */,
				34820B5C24C22A0B00DA0D30 /* CaptureMode.swift in Sources */,
				34820B4524C204F800DA0D30 /* AppDelegate.swift in Sources */,
				34820B4724C204F800DA0D30 /* SceneDelegate.swift in Sources */,
			);
			runOnlyForDeploymentPostprocessing = 0;
		};
/* End PBXSourcesBuildPhase section */

/* Begin PBXVariantGroup section */
		34820B4A24C204F800DA0D30 /* Main.storyboard */ = {
			isa = PBXVariantGroup;
			children = (
				34820B4B24C204F800DA0D30 /* Base */,
			);
			name = Main.storyboard;
			sourceTree = "<group>";
		};
		34820B4F24C204FC00DA0D30 /* LaunchScreen.storyboard */ = {
			isa = PBXVariantGroup;
			children = (
				34820B5024C204FC00DA0D30 /* Base */,
			);
			name = LaunchScreen.storyboard;
			sourceTree = "<group>";
		};
/* End PBXVariantGroup section */

/* Begin XCBuildConfiguration section */
		34820B5324C204FC00DA0D30 /* Debug */ = {
			isa = XCBuildConfiguration;
			buildSettings = {
				ALWAYS_SEARCH_USER_PATHS = NO;
				CLANG_ANALYZER_NONNULL = YES;
				CLANG_ANALYZER_NUMBER_OBJECT_CONVERSION = YES_AGGRESSIVE;
				CLANG_CXX_LANGUAGE_STANDARD = "gnu++14";
				CLANG_CXX_LIBRARY = "libc++";
				CLANG_ENABLE_MODULES = YES;
				CLANG_ENABLE_OBJC_ARC = YES;
				CLANG_ENABLE_OBJC_WEAK = YES;
				CLANG_WARN_BLOCK_CAPTURE_AUTORELEASING = YES;
				CLANG_WARN_BOOL_CONVERSION = YES;
				CLANG_WARN_COMMA = YES;
				CLANG_WARN_CONSTANT_CONVERSION = YES;
				CLANG_WARN_DEPRECATED_OBJC_IMPLEMENTATIONS = YES;
				CLANG_WARN_DIRECT_OBJC_ISA_USAGE = YES_ERROR;
				CLANG_WARN_DOCUMENTATION_COMMENTS = YES;
				CLANG_WARN_EMPTY_BODY = YES;
				CLANG_WARN_ENUM_CONVERSION = YES;
				CLANG_WARN_INFINITE_RECURSION = YES;
				CLANG_WARN_INT_CONVERSION = YES;
				CLANG_WARN_NON_LITERAL_NULL_CONVERSION = YES;
				CLANG_WARN_OBJC_IMPLICIT_RETAIN_SELF = YES;
				CLANG_WARN_OBJC_LITERAL_CONVERSION = YES;
				CLANG_WARN_OBJC_ROOT_CLASS = YES_ERROR;
				CLANG_WARN_RANGE_LOOP_ANALYSIS = YES;
				CLANG_WARN_STRICT_PROTOTYPES = YES;
				CLANG_WARN_SUSPICIOUS_MOVE = YES;
				CLANG_WARN_UNGUARDED_AVAILABILITY = YES_AGGRESSIVE;
				CLANG_WARN_UNREACHABLE_CODE = YES;
				CLANG_WARN__DUPLICATE_METHOD_MATCH = YES;
				COPY_PHASE_STRIP = NO;
				DEBUG_INFORMATION_FORMAT = dwarf;
				ENABLE_STRICT_OBJC_MSGSEND = YES;
				ENABLE_TESTABILITY = YES;
				GCC_C_LANGUAGE_STANDARD = gnu11;
				GCC_DYNAMIC_NO_PIC = NO;
				GCC_NO_COMMON_BLOCKS = YES;
				GCC_OPTIMIZATION_LEVEL = 0;
				GCC_PREPROCESSOR_DEFINITIONS = (
					"DEBUG=1",
					"$(inherited)",
				);
				GCC_WARN_64_TO_32_BIT_CONVERSION = YES;
				GCC_WARN_ABOUT_RETURN_TYPE = YES_ERROR;
				GCC_WARN_UNDECLARED_SELECTOR = YES;
				GCC_WARN_UNINITIALIZED_AUTOS = YES_AGGRESSIVE;
				GCC_WARN_UNUSED_FUNCTION = YES;
				GCC_WARN_UNUSED_VARIABLE = YES;
				IPHONEOS_DEPLOYMENT_TARGET = 13.6;
				MTL_ENABLE_DEBUG_INFO = INCLUDE_SOURCE;
				MTL_FAST_MATH = YES;
				ONLY_ACTIVE_ARCH = YES;
				SDKROOT = iphoneos;
				SWIFT_ACTIVE_COMPILATION_CONDITIONS = DEBUG;
				SWIFT_OPTIMIZATION_LEVEL = "-Onone";
			};
			name = Debug;
		};
		34820B5424C204FC00DA0D30 /* Release */ = {
			isa = XCBuildConfiguration;
			buildSettings = {
				ALWAYS_SEARCH_USER_PATHS = NO;
				CLANG_ANALYZER_NONNULL = YES;
				CLANG_ANALYZER_NUMBER_OBJECT_CONVERSION = YES_AGGRESSIVE;
				CLANG_CXX_LANGUAGE_STANDARD = "gnu++14";
				CLANG_CXX_LIBRARY = "libc++";
				CLANG_ENABLE_MODULES = YES;
				CLANG_ENABLE_OBJC_ARC = YES;
				CLANG_ENABLE_OBJC_WEAK = YES;
				CLANG_WARN_BLOCK_CAPTURE_AUTORELEASING = YES;
				CLANG_WARN_BOOL_CONVERSION = YES;
				CLANG_WARN_COMMA = YES;
				CLANG_WARN_CONSTANT_CONVERSION = YES;
				CLANG_WARN_DEPRECATED_OBJC_IMPLEMENTATIONS = YES;
				CLANG_WARN_DIRECT_OBJC_ISA_USAGE = YES_ERROR;
				CLANG_WARN_DOCUMENTATION_COMMENTS = YES;
				CLANG_WARN_EMPTY_BODY = YES;
				CLANG_WARN_ENUM_CONVERSION = YES;
				CLANG_WARN_INFINITE_RECURSION = YES;
				CLANG_WARN_INT_CONVERSION = YES;
				CLANG_WARN_NON_LITERAL_NULL_CONVERSION = YES;
				CLANG_WARN_OBJC_IMPLICIT_RETAIN_SELF = YES;
				CLANG_WARN_OBJC_LITERAL_CONVERSION = YES;
				CLANG_WARN_OBJC_ROOT_CLASS = YES_ERROR;
				CLANG_WARN_RANGE_LOOP_ANALYSIS = YES;
				CLANG_WARN_STRICT_PROTOTYPES = YES;
				CLANG_WARN_SUSPICIOUS_MOVE = YES;
				CLANG_WARN_UNGUARDED_AVAILABILITY = YES_AGGRESSIVE;
				CLANG_WARN_UNREACHABLE_CODE = YES;
				CLANG_WARN__DUPLICATE_METHOD_MATCH = YES;
				COPY_PHASE_STRIP = NO;
				DEBUG_INFORMATION_FORMAT = "dwarf-with-dsym";
				ENABLE_NS_ASSERTIONS = NO;
				ENABLE_STRICT_OBJC_MSGSEND = YES;
				GCC_C_LANGUAGE_STANDARD = gnu11;
				GCC_NO_COMMON_BLOCKS = YES;
				GCC_WARN_64_TO_32_BIT_CONVERSION = YES;
				GCC_WARN_ABOUT_RETURN_TYPE = YES_ERROR;
				GCC_WARN_UNDECLARED_SELECTOR = YES;
				GCC_WARN_UNINITIALIZED_AUTOS = YES_AGGRESSIVE;
				GCC_WARN_UNUSED_FUNCTION = YES;
				GCC_WARN_UNUSED_VARIABLE = YES;
				IPHONEOS_DEPLOYMENT_TARGET = 13.6;
				MTL_ENABLE_DEBUG_INFO = NO;
				MTL_FAST_MATH = YES;
				SDKROOT = iphoneos;
				SWIFT_COMPILATION_MODE = wholemodule;
				SWIFT_OPTIMIZATION_LEVEL = "-O";
				VALIDATE_PRODUCT = YES;
			};
			name = Release;
		};
		34820B5624C204FC00DA0D30 /* Debug */ = {
			isa = XCBuildConfiguration;
			buildSettings = {
				ASSETCATALOG_COMPILER_APPICON_NAME = AppIcon;
				CODE_SIGN_STYLE = Automatic;
				DEVELOPMENT_TEAM = 27B522QTZ5;
				INFOPLIST_FILE = Numadic/Info.plist;
				LD_RUNPATH_SEARCH_PATHS = (
					"$(inherited)",
					"@executable_path/Frameworks",
				);
				PRODUCT_BUNDLE_IDENTIFIER = com.vineal.Numadic;
				PRODUCT_NAME = "$(TARGET_NAME)";
				SWIFT_VERSION = 5.0;
				TARGETED_DEVICE_FAMILY = "1,2";
			};
			name = Debug;
		};
		34820B5724C204FC00DA0D30 /* Release */ = {
			isa = XCBuildConfiguration;
			buildSettings = {
				ASSETCATALOG_COMPILER_APPICON_NAME = AppIcon;
				CODE_SIGN_STYLE = Automatic;
				DEVELOPMENT_TEAM = 27B522QTZ5;
				INFOPLIST_FILE = Numadic/Info.plist;
				LD_RUNPATH_SEARCH_PATHS = (
					"$(inherited)",
					"@executable_path/Frameworks",
				);
				PRODUCT_BUNDLE_IDENTIFIER = com.vineal.Numadic;
				PRODUCT_NAME = "$(TARGET_NAME)";
				SWIFT_VERSION = 5.0;
				TARGETED_DEVICE_FAMILY = "1,2";
			};
			name = Release;
		};
/* End XCBuildConfiguration section */

/* Begin XCConfigurationList section */
		34820B3C24C204F800DA0D30 /* Build configuration list for PBXProject "Numadic" */ = {
			isa = XCConfigurationList;
			buildConfigurations = (
				34820B5324C204FC00DA0D30 /* Debug */,
				34820B5424C204FC00DA0D30 /* Release */,
			);
			defaultConfigurationIsVisible = 0;
			defaultConfigurationName = Release;
		};
		34820B5524C204FC00DA0D30 /* Build configuration list for PBXNativeTarget "Numadic" */ = {
			isa = XCConfigurationList;
			buildConfigurations = (
				34820B5624C204FC00DA0D30 /* Debug */,
				34820B5724C204FC00DA0D30 /* Release */,
			);
			defaultConfigurationIsVisible = 0;
			defaultConfigurationName = Release;
		};
/* End XCConfigurationList section */
	};
	rootObject = 34820B3924C204F800DA0D30 /* Project object */;
}
